{
  "name": "apps",
  "lockfileVersion": 3,
  "requires": true,
  "packages": {
    "": {
      "devDependencies": {
        "@directus/sdk": "^21.2.0"
      }
    },
    "node_modules/@directus/sdk": {
      "version": "21.2.0",
      "resolved": "https://registry.npmjs.org/@directus/sdk/-/sdk-21.2.0.tgz",
      "integrity": "sha512-IrP6vpXqW0WYuwMcKa19odYZDVdTtBL4+0TaZeUGoNWgvncPcuTYVEtX4z93TEPfbFoSD0IwPx0gbhQ7YNbTGg==",
      "dev": true,
      "license": "MIT",
      "engines": {
        "node": ">=22"
      },
      "funding": {
        "url": "https://github.com/directus/directus?sponsor=1"
      }
    }
  }
}
