# THIS IS AN AUTOGENERATED FILE. DO NOT EDIT THIS FILE DIRECTLY.
# yarn lockfile v1


"@directus/sdk@^21.2.0":
  version "21.2.0"
  resolved "https://registry.yarnpkg.com/@directus/sdk/-/sdk-21.2.0.tgz#585674f72a2e69d20dc025ff584c02ff40ffa335"
  integrity sha512-IrP6vpXqW0WYuwMcKa19odYZDVdTtBL4+0TaZeUGoNWgvncPcuTYVEtX4z93TEPfbFoSD0IwPx0gbhQ7YNbTGg==
