# THIS IS AN AUTOGENERATED FILE. DO NOT EDIT THIS FILE DIRECTLY.
# yarn lockfile v1


"@directus/sdk@^21.2.0":
  version "21.2.1"
  resolved "https://registry.yarnpkg.com/@directus/sdk/-/sdk-21.2.1.tgz#1d0868bd8433a20d0c7efe1bf29cba501f92cc8e"
  integrity sha512-eXLOwj9Y/+JgNJmGMNLAwlaj7C2TMuKaQNrAjis/WjFTYuR1frSFJOsZhvXPTaoOQ5F+vDBAr3ZGSG3QfKeCnA==
